
Microsoft Visual Studio Solution File, Format Version 12.00
# Visual Studio Version 17
VisualStudioVersion = 17.3.32929.385
MinimumVisualStudioVersion = 10.0.40219.1
Project("{9A19103F-16F7-4668-BE54-9A1E7A4F7556}") = "ForumProject", "ForumProject\ForumProject.csproj", "{0326768C-9476-4542-91CE-3CC156BFC103}"
EndProject
Project("{FAE04EC0-301F-11D3-BF4B-00C04F79EFBC}") = "Domain", "Domain\Domain.csproj", "{EAFDED65-D334-4568-93F7-C76D0E0D7767}"
EndProject
Project("{FAE04EC0-301F-11D3-BF4B-00C04F79EFBC}") = "Infrastructure", "Infrastructure\Infrastructure.csproj", "{99DDAC7F-2344-48CD-B07D-F2249A33B595}"
EndProject
Project("{FAE04EC0-301F-11D3-BF4B-00C04F79EFBC}") = "Application", "Application\Application.csproj", "{36C427F4-6A73-4C1B-8F21-40C372FFC402}"
EndProject
Global
	GlobalSection(SolutionConfigurationPlatforms) = preSolution
		Debug|Any CPU = Debug|Any CPU
		Release|Any CPU = Release|Any CPU
	EndGlobalSection
	GlobalSection(ProjectConfigurationPlatforms) = postSolution
		{0326768C-9476-4542-91CE-3CC156BFC103}.Debug|Any CPU.ActiveCfg = Debug|Any CPU
		{0326768C-9476-4542-91CE-3CC156BFC103}.Debug|Any CPU.Build.0 = Debug|Any CPU
		{0326768C-9476-4542-91CE-3CC156BFC103}.Release|Any CPU.ActiveCfg = Release|Any CPU
		{0326768C-9476-4542-91CE-3CC156BFC103}.Release|Any CPU.Build.0 = Release|Any CPU
		{EAFDED65-D334-4568-93F7-C76D0E0D7767}.Debug|Any CPU.ActiveCfg = Debug|Any CPU
		{EAFDED65-D334-4568-93F7-C76D0E0D7767}.Debug|Any CPU.Build.0 = Debug|Any CPU
		{EAFDED65-D334-4568-93F7-C76D0E0D7767}.Release|Any CPU.ActiveCfg = Release|Any CPU
		{EAFDED65-D334-4568-93F7-C76D0E0D7767}.Release|Any CPU.Build.0 = Release|Any CPU
		{99DDAC7F-2344-48CD-B07D-F2249A33B595}.Debug|Any CPU.ActiveCfg = Debug|Any CPU
		{99DDAC7F-2344-48CD-B07D-F2249A33B595}.Debug|Any CPU.Build.0 = Debug|Any CPU
		{99DDAC7F-2344-48CD-B07D-F2249A33B595}.Release|Any CPU.ActiveCfg = Release|Any CPU
		{99DDAC7F-2344-48CD-B07D-F2249A33B595}.Release|Any CPU.Build.0 = Release|Any CPU
		{36C427F4-6A73-4C1B-8F21-40C372FFC402}.Debug|Any CPU.ActiveCfg = Debug|Any CPU
		{36C427F4-6A73-4C1B-8F21-40C372FFC402}.Debug|Any CPU.Build.0 = Debug|Any CPU
		{36C427F4-6A73-4C1B-8F21-40C372FFC402}.Release|Any CPU.ActiveCfg = Release|Any CPU
		{36C427F4-6A73-4C1B-8F21-40C372FFC402}.Release|Any CPU.Build.0 = Release|Any CPU
	EndGlobalSection
	GlobalSection(SolutionProperties) = preSolution
		HideSolutionNode = FALSE
	EndGlobalSection
	GlobalSection(ExtensibilityGlobals) = postSolution
		SolutionGuid = {DB69127F-C1A3-477C-B0D5-374EC2C3D68D}
	EndGlobalSection
EndGlobal
